{
  "version": "3",
  "packages": {
    "specifiers": {
      "npm:idb-keyval@^6.2.1": "npm:idb-keyval@6.2.1",
      "npm:openapi-fetch@^0.9.3": "npm:openapi-fetch@0.9.3",
      "npm:openapi-typescript-helpers@^0.0.7": "npm:openapi-typescript-helpers@0.0.7",
      "npm:openapi-typescript@^7.0.0-next.8": "npm:openapi-typescript@7.0.0-next.8_typescript@5.4.2",
      "npm:typescript@^5.4.2": "npm:typescript@5.4.2"
    },
    "npm": {
      "@redocly/ajv@8.11.0": {
        "integrity": "sha512-9GWx27t7xWhDIR02PA18nzBdLcKQRgc46xNQvjFkrYk4UOmvKhJ/dawwiX0cCOeetN5LcaaiqQbVOWYK62SGHw==",
        "dependencies": {
          "fast-deep-equal": "fast-deep-equal@3.1.3",
          "json-schema-traverse": "json-schema-traverse@1.0.0",
          "require-from-string": "require-from-string@2.0.2",
          "uri-js": "uri-js@4.4.1"
        }
      },
      "@redocly/config@0.1.3": {
        "integrity": "sha512-DjgGwhyolxDLO7hP1V8h6qQUUTkqN7P/xG2OMgsABJ1Pr40GG32+cqx9oBbKX9iN+JXh6kVUZgBMcPPB1fbyLA==",
        "dependencies": {}
      },
      "@redocly/openapi-core@1.10.4": {
        "integrity": "sha512-GzvAuoVtHk75q/HqaRNqRUTZWYKpZ16HCOWIrx2txAvZrMoWCUNRVsELY91W/ilH/Cepj6t/Nh+bpJ7o/mcN/g==",
        "dependencies": {
          "@redocly/ajv": "@redocly/ajv@8.11.0",
          "@redocly/config": "@redocly/config@0.1.3",
          "colorette": "colorette@1.4.0",
          "js-levenshtein": "js-levenshtein@1.1.6",
          "js-yaml": "js-yaml@4.1.0",
          "lodash.isequal": "lodash.isequal@4.5.0",
          "minimatch": "minimatch@5.1.6",
          "node-fetch": "node-fetch@2.7.0",
          "pluralize": "pluralize@8.0.0",
          "yaml-ast-parser": "yaml-ast-parser@0.0.43"
        }
      },
      "ansi-colors@4.1.3": {
        "integrity": "sha512-/6w/C21Pm1A7aZitlI5Ni/2J6FFQN8i1Cvz3kHABAAbw93v/NlvKdVOqz7CCWz/3iv/JplRSEEZ83XION15ovw==",
        "dependencies": {}
      },
      "argparse@2.0.1": {
        "integrity": "sha512-8+9WqebbFzpX9OR+Wa6O29asIogeRMzcGtAINdpMHHyAg10f05aSFVBbcEqGf/PXw1EjAZ+q2/bEBg3DvurK3Q==",
        "dependencies": {}
      },
      "balanced-match@1.0.2": {
        "integrity": "sha512-3oSeUO0TMV67hN1AmbXsK4yaqU7tjiHlbxRDZOpH0KW9+CeX4bRAaX0Anxt0tx2MrpRpWwQaPwIlISEJhYU5Pw==",
        "dependencies": {}
      },
      "brace-expansion@2.0.1": {
        "integrity": "sha512-XnAIvQ8eM+kC6aULx6wuQiwVsnzsi9d3WxzV3FpWTGA19F621kwdbsAcFKXgKUHZWsy+mY6iL1sHTxWEFCytDA==",
        "dependencies": {
          "balanced-match": "balanced-match@1.0.2"
        }
      },
      "colorette@1.4.0": {
        "integrity": "sha512-Y2oEozpomLn7Q3HFP7dpww7AtMJplbM9lGZP6RDfHqmbeRjiwRg4n6VM6j4KLmRke85uWEI7JqF17f3pqdRA0g==",
        "dependencies": {}
      },
      "fast-deep-equal@3.1.3": {
        "integrity": "sha512-f3qQ9oQy9j2AhBe/H9VC91wLmKBCCU/gDOnKNAYG5hswO7BLKj09Hc5HYNz9cGI++xlpDCIgDaitVs03ATR84Q==",
        "dependencies": {}
      },
      "idb-keyval@6.2.1": {
        "integrity": "sha512-8Sb3veuYCyrZL+VBt9LJfZjLUPWVvqn8tG28VqYNFCo43KHcKuq+b4EiXGeuaLAQWL2YmyDgMp2aSpH9JHsEQg==",
        "dependencies": {}
      },
      "js-levenshtein@1.1.6": {
        "integrity": "sha512-X2BB11YZtrRqY4EnQcLX5Rh373zbK4alC1FW7D7MBhL2gtcC17cTnr6DmfHZeS0s2rTHjUTMMHfG7gO8SSdw+g==",
        "dependencies": {}
      },
      "js-yaml@4.1.0": {
        "integrity": "sha512-wpxZs9NoxZaJESJGIZTyDEaYpl0FKSA+FB9aJiyemKhMwkxQg63h4T1KJgUGHpTqPDNRcmmYLugrRjJlBtWvRA==",
        "dependencies": {
          "argparse": "argparse@2.0.1"
        }
      },
      "json-schema-traverse@1.0.0": {
        "integrity": "sha512-NM8/P9n3XjXhIZn1lLhkFaACTOURQXjWhV4BA/RnOv8xvgqtqpAX9IO4mRQxSx1Rlo4tqzeqb0sOlruaOy3dug==",
        "dependencies": {}
      },
      "lodash.isequal@4.5.0": {
        "integrity": "sha512-pDo3lu8Jhfjqls6GkMgpahsF9kCyayhgykjyLMNFTKWrpVdAQtYyB4muAMWozBB4ig/dtWAmsMxLEI8wuz+DYQ==",
        "dependencies": {}
      },
      "minimatch@5.1.6": {
        "integrity": "sha512-lKwV/1brpG6mBUFHtb7NUmtABCb2WZZmm2wNiOA5hAb8VdCS4B3dtMWyvcoViccwAW/COERjXLt0zP1zXUN26g==",
        "dependencies": {
          "brace-expansion": "brace-expansion@2.0.1"
        }
      },
      "node-fetch@2.7.0": {
        "integrity": "sha512-c4FRfUm/dbcWZ7U+1Wq0AwCyFL+3nt2bEw05wfxSz+DWpWsitgmSgYmy2dQdWyKC1694ELPqMs/YzUSNozLt8A==",
        "dependencies": {
          "whatwg-url": "whatwg-url@5.0.0"
        }
      },
      "openapi-fetch@0.9.3": {
        "integrity": "sha512-tC1NDn71vJHeCzu+lYdrnIpgRt4GxR0B4eSwXNb15ypWpZcpaEOwHFkoz8FcfG5Fvqkz2P0Fl9zQF1JJwBjuvA==",
        "dependencies": {
          "openapi-typescript-helpers": "openapi-typescript-helpers@0.0.7"
        }
      },
      "openapi-typescript-helpers@0.0.7": {
        "integrity": "sha512-7nwlAtdA1fULipibFRBWE/rnF114q6ejRYzNvhdA/x+qTWAZhXGLc/368dlwMlyJDvCQMCnADjpzb5BS5ZmNSA==",
        "dependencies": {}
      },
      "openapi-typescript@7.0.0-next.8_typescript@5.4.2": {
        "integrity": "sha512-823w02orLlqw82og/uTZL/DVXJmLO8gyDEK7JaPv4aQpTOGKwvd3PiQkuB0akJvOHZSJ8OxKYfeilCT1I1fBlw==",
        "dependencies": {
          "@redocly/openapi-core": "@redocly/openapi-core@1.10.4",
          "ansi-colors": "ansi-colors@4.1.3",
          "supports-color": "supports-color@9.4.0",
          "typescript": "typescript@5.4.2",
          "yargs-parser": "yargs-parser@21.1.1"
        }
      },
      "pluralize@8.0.0": {
        "integrity": "sha512-Nc3IT5yHzflTfbjgqWcCPpo7DaKy4FnpB0l/zCAW0Tc7jxAiuqSxHasntB3D7887LSrA93kDJ9IXovxJYxyLCA==",
        "dependencies": {}
      },
      "punycode@2.3.1": {
        "integrity": "sha512-vYt7UD1U9Wg6138shLtLOvdAu+8DsC/ilFtEVHcH+wydcSpNE20AfSOduf6MkRFahL5FY7X1oU7nKVZFtfq8Fg==",
        "dependencies": {}
      },
      "require-from-string@2.0.2": {
        "integrity": "sha512-Xf0nWe6RseziFMu+Ap9biiUbmplq6S9/p+7w7YXP/JBHhrUDDUhwa+vANyubuqfZWTveU//DYVGsDG7RKL/vEw==",
        "dependencies": {}
      },
      "supports-color@9.4.0": {
        "integrity": "sha512-VL+lNrEoIXww1coLPOmiEmK/0sGigko5COxI09KzHc2VJXJsQ37UaQ+8quuxjDeA7+KnLGTWRyOXSLLR2Wb4jw==",
        "dependencies": {}
      },
      "tr46@0.0.3": {
        "integrity": "sha512-N3WMsuqV66lT30CrXNbEjx4GEwlow3v6rr4mCcv6prnfwhS01rkgyFdjPNBYd9br7LpXV1+Emh01fHnq2Gdgrw==",
        "dependencies": {}
      },
      "typescript@5.4.2": {
        "integrity": "sha512-+2/g0Fds1ERlP6JsakQQDXjZdZMM+rqpamFZJEKh4kwTIn3iDkgKtby0CeNd5ATNZ4Ry1ax15TMx0W2V+miizQ==",
        "dependencies": {}
      },
      "uri-js@4.4.1": {
        "integrity": "sha512-7rKUyy33Q1yc98pQ1DAmLtwX109F7TIfWlW1Ydo8Wl1ii1SeHieeh0HHfPeL2fMXK6z0s8ecKs9frCuLJvndBg==",
        "dependencies": {
          "punycode": "punycode@2.3.1"
        }
      },
      "webidl-conversions@3.0.1": {
        "integrity": "sha512-2JAn3z8AR6rjK8Sm8orRC0h/bcl/DqL7tRPdGZ4I1CjdF+EaMLmYxBHyXuKL849eucPFhvBoxMsflfOb8kxaeQ==",
        "dependencies": {}
      },
      "whatwg-url@5.0.0": {
        "integrity": "sha512-saE57nupxk6v3HY35+jzBwYa0rKSy0XR8JSxZPwgLr7ys0IBzhGviA1/TUGJLmSVqs8pb9AnvICXEuOHLprYTw==",
        "dependencies": {
          "tr46": "tr46@0.0.3",
          "webidl-conversions": "webidl-conversions@3.0.1"
        }
      },
      "yaml-ast-parser@0.0.43": {
        "integrity": "sha512-2PTINUwsRqSd+s8XxKaJWQlUuEMHJQyEuh2edBbW8KNJz0SJPwUSD2zRWqezFEdN7IzAgeuYHFUCF7o8zRdZ0A==",
        "dependencies": {}
      },
      "yargs-parser@21.1.1": {
        "integrity": "sha512-tVpsJW7DdjecAiFpbIB1e3qxIQsE6NoPc5/eTdrbbIC4h0LVsWhnoa3g+m2HclBIujHzsxZ4VJVA+GUuc2/LBw==",
        "dependencies": {}
      }
    }
  },
  "remote": {
    "https://cdn.skypack.dev/-/indexeddbshim@v9.0.0-QVaW8rBIOGlJegwkWTsK/dist=es2019,mode=imports/unoptimized/dist/indexeddbshim-noninvasive.js": "036e9191db93ef296b84a8a59192d4851f231e3b76a638543491cf81fe08b666",
    "https://cdn.skypack.dev/-/regenerator-runtime@v0.13.9-4Dxus9nU31cBsHxnWq2H/dist=es2019,mode=imports/optimized/regenerator-runtime.js": "9d5c28ca64c45a9e606d5f3b35aec61568ed451495968171c8cc3ef1923cb7fe",
    "https://cdn.skypack.dev/indexeddbshim@v9.0.0/dist/indexeddbshim-noninvasive.js": "8825b3ce26bfea3ddfb612fd95ae295c78542423511bc4042c3d2e2a89894c08",
    "https://cdn.skypack.dev/regenerator-runtime@0.13.9": "adf7d286d4d4dd28347f3b0bc62fc614a7da3c76ad15e8ea4e4b2511d9632c9e",
    "https://deno.land/x/indexeddb@v1.1.0/lib/indexeddb_global.ts": "88269f2c9c97dbcb5641706bb17d14500eddb209da0fc8822ee4bbb5e57359f8",
    "https://deno.land/x/indexeddb@v1.1.0/lib/shim.ts": "1cc9b0961a2ddb9836643e1fc661cf44eb55a777cd7625cba4256d259920d51b",
    "https://deno.land/x/indexeddb@v1.1.0/polyfill.ts": "6a95a487f94d89f36f0d9255ee4ad916afc0fada8edb695f258f975c525ced22",
    "https://deno.land/x/sqlite@v3.2.1/build/sqlite.js": "087db9bdacd1e5bb8b538ba328e5105571cc6d716deb9923e2eb5c8af763991a",
    "https://deno.land/x/sqlite@v3.2.1/build/vfs.js": "baff72655c0916c906327fe6703c6a47daa1346e55c2eaa2629bcd879a673c8d",
    "https://deno.land/x/sqlite@v3.2.1/mod.ts": "eb55ff3e103826ee735fa1a8ec2db6e96c8fec826faf198239c66a0fe635c4b6",
    "https://deno.land/x/sqlite@v3.2.1/src/constants.ts": "b967237b460fafa03ca03aeddb33953bed41c7cbdc309a934e2329a5c84079ac",
    "https://deno.land/x/sqlite@v3.2.1/src/db.ts": "f778a82f638c2e33c832c8d0e60144d11d0118d40f6ffb397cfa059c2b8e0c36",
    "https://deno.land/x/sqlite@v3.2.1/src/error.ts": "abf9df169951faf8c21a68d99ef9efd257c788c19784f27dd147507fbdfe5fe7",
    "https://deno.land/x/sqlite@v3.2.1/src/query.ts": "df4d3d6b23d52b36243dd47c07ed6ed7cd23f7834a0f6a2f2c6dbffba63d4c28",
    "https://deno.land/x/sqlite@v3.2.1/src/wasm.ts": "e79d0baa6e42423257fb3c7cc98091c54399254867e0f34a09b5bdef37bd9487",
    "https://deno.land/x/websql@v1.1.0/deps.ts": "f41d5d5dd7ebe4762b9536e75854fa03d4af9064ea921f4c6c4ca0ffad111a06",
    "https://deno.land/x/websql@v1.1.0/mod.ts": "c0b9f657ac9d148a7e47bb60b8bb9c62cc8f0b42646bb33d023b91deb5a8dd20",
    "https://deno.land/x/websql@v1.1.0/src/Database.ts": "8134b0d4c7409f333f7111e03b42f2b90146c033e0599aa6732ca6221af01e62",
    "https://deno.land/x/websql@v1.1.0/src/SQLResultSet.ts": "fa0729dc94735771f2c1389d4a4e89b370b358b731452067ea4792010e213655",
    "https://deno.land/x/websql@v1.1.0/src/SQLResultSetRowList.ts": "0d78f210e73217b9abcbba6fa6101751993e363975b117d06ddd7c18297241f3",
    "https://deno.land/x/websql@v1.1.0/src/SQLTransaction.ts": "dae5f017242b626041d470578df300fbb58d7bf3f18082d6050b9fef20c54607",
    "https://deno.land/x/websql@v1.1.0/src/SQLiteDBCache.ts": "919add0ea961f8bb50c8158f8674b08c3a14b247eab77a0908bc53ab5abee818"
  },
  "workspace": {
    "packageJson": {
      "dependencies": [
        "npm:idb-keyval@^6.2.1",
        "npm:openapi-fetch@^0.9.3",
        "npm:openapi-typescript-helpers@^0.0.7",
        "npm:openapi-typescript@^7.0.0-next.8",
        "npm:typescript@^5.4.2"
      ]
    }
  }
}
